<?xml version="1.0" encoding="utf-8"?>
<Project ToolsVersion="4.0" xmlns="http://schemas.microsoft.com/developer/msbuild/2003">
  <ItemGroup>
    <Filter Include="Source Files">
      <UniqueIdentifier>{4FC737F1-C7A5-4376-A066-2A32D752A2FF}</UniqueIdentifier>
      <Extensions>cpp;c;cc;cxx;c++;cppm;ixx;def;odl;idl;hpj;bat;asm;asmx</Extensions>
    </Filter>
    <Filter Include="Header Files">
      <UniqueIdentifier>{93995380-89BD-4b04-88EB-625FBE52EBFB}</UniqueIdentifier>
      <Extensions>h;hh;hpp;hxx;h++;hm;inl;inc;ipp;xsd</Extensions>
    </Filter>
    <Filter Include="Resource Files">
      <UniqueIdentifier>{67DA6AB6-F800-4c08-8B7A-83BB121AAD01}</UniqueIdentifier>
      <Extensions>rc;ico;cur;bmp;dlg;rc2;rct;bin;rgs;gif;jpg;jpeg;jpe;resx;tiff;tif;png;wav;mfcribbon-ms</Extensions>
    </Filter>
  </ItemGroup>
  <ItemGroup>
    <None Include="examples\test.xmod" />
    <None Include="examples\testScript.xmod" />
    <None Include="docs\Xeno.md" />
  </ItemGroup>
  <ItemGroup>
    <ClInclude Include="include\XenoModular.h">
      <Filter>Header Files</Filter>
    </ClInclude>
    <ClInclude Include="src\compiler\BytecodeEmitter.h">
      <Filter>Header Files</Filter>
    </ClInclude>
    <ClInclude Include="src\compiler\Compiler.h">
      <Filter>Header Files</Filter>
    </ClInclude>
    <ClInclude Include="src\lexer\Lexer.h">
      <Filter>Header Files</Filter>
    </ClInclude>
    <ClInclude Include="src\lexer\Token.h">
      <Filter>Header Files</Filter>
    </ClInclude>
    <ClInclude Include="src\parser\Parser.h">
      <Filter>Header Files</Filter>
    </ClInclude>
    <ClInclude Include="src\runtime\Interpreter.h">
      <Filter>Header Files</Filter>
    </ClInclude>
    <ClInclude Include="src\runtime\StandardLibrary.h">
      <Filter>Header Files</Filter>
    </ClInclude>
    <ClInclude Include="src\utils\ErrorHandler.h">
      <Filter>Header Files</Filter>
    </ClInclude>
    <ClInclude Include="src\utils\Logger.h">
      <Filter>Header Files</Filter>
    </ClInclude>
    <ClInclude Include="src\parser\ast\Node.h">
      <Filter>Header Files</Filter>
    </ClInclude>
    <ClInclude Include="src\parser\ast\ProgramNode.h">
      <Filter>Header Files</Filter>
    </ClInclude>
    <ClInclude Include="src\parser\ast\ImportDeclarationNode.h">
      <Filter>Header Files</Filter>
    </ClInclude>
    <ClInclude Include="src\parser\ast\ClassDeclarationNode.h">
      <Filter>Header Files</Filter>
    </ClInclude>
    <ClInclude Include="src\parser\ast\AccessDeclarationNode.h">
      <Filter>Header Files</Filter>
    </ClInclude>
    <ClInclude Include="src\parser\ast\ConstructorDeclarationNode.h">
      <Filter>Header Files</Filter>
    </ClInclude>
    <ClInclude Include="src\parser\ast\FunctionDeclarationNode.h">
      <Filter>Header Files</Filter>
    </ClInclude>
    <ClInclude Include="src\parser\ast\VariableDeclarationNode.h">
      <Filter>Header Files</Filter>
    </ClInclude>
    <ClInclude Include="src\parser\ast\BlockNode.h">
      <Filter>Header Files</Filter>
    </ClInclude>
    <ClInclude Include="src\parser\ast\LiteralNode.h">
      <Filter>Header Files</Filter>
    </ClInclude>
    <ClInclude Include="src\parser\ast\IdentifierNode.h">
      <Filter>Header Files</Filter>
    </ClInclude>
    <ClInclude Include="src\parser\ast\BinaryExpressionNode.h">
      <Filter>Header Files</Filter>
    </ClInclude>
    <ClInclude Include="src\parser\ast\UnaryExpressionNode.h">
      <Filter>Header Files</Filter>
    </ClInclude>
    <ClInclude Include="src\parser\ast\IfNode.h">
      <Filter>Header Files</Filter>
    </ClInclude>
    <ClInclude Include="src\parser\ast\WhileNode.h">
      <Filter>Header Files</Filter>
    </ClInclude>
    <ClInclude Include="src\parser\ast\ForNode.h">
      <Filter>Header Files</Filter>
    </ClInclude>
    <ClInclude Include="src\parser\ast\CaseNode.h">
      <Filter>Header Files</Filter>
    </ClInclude>
    <ClInclude Include="src\parser\ast\MatchNode.h">
      <Filter>Header Files</Filter>
    </ClInclude>
    <ClInclude Include="src\parser\ast\FunctionCallNode.h">
      <Filter>Header Files</Filter>
    </ClInclude>
    <ClInclude Include="src\parser\ast\ArrayAccessNode.h">
      <Filter>Header Files</Filter>
    </ClInclude>
    <ClInclude Include="src\parser\ast\PropertyAccessNode.h">
      <Filter>Header Files</Filter>
    </ClInclude>
    <ClInclude Include="src\parser\ast\TernaryExpresssionNode.h">
      <Filter>Header Files</Filter>
    </ClInclude>
    <ClInclude Include="src\parser\ast\ReturnStatementNode.h">
      <Filter>Header Files</Filter>
    </ClInclude>
    <ClInclude Include="src\parser\ast\ListNode.h">
      <Filter>Header Files</Filter>
    </ClInclude>
    <ClInclude Include="src\parser\ast\ListTypeNode.h">
      <Filter>Header Files</Filter>
    </ClInclude>
    <ClInclude Include="src\parser\ast\DictionaryNode.h">
      <Filter>Header Files</Filter>
    </ClInclude>
    <ClInclude Include="src\parser\ast\DictionaryTypeNode.h">
      <Filter>Header Files</Filter>
    </ClInclude>
    <ClInclude Include="src\parser\ast\DotOperationNode.h">
      <Filter>Header Files</Filter>
    </ClInclude>
    <ClInclude Include="src\parser\ast\AssignmentNode.h">
      <Filter>Header Files</Filter>
    </ClInclude>
    <ClInclude Include="src\parser\ast\EnumMember.h">
      <Filter>Header Files</Filter>
    </ClInclude>
    <ClInclude Include="src\parser\ast\BreakStatementNode.h">
      <Filter>Header Files</Filter>
    </ClInclude>
    <ClInclude Include="src\parser\ast\ForeachStatementNode.h">
      <Filter>Header Files</Filter>
    </ClInclude>
    <ClInclude Include="src\parser\ast\ArrayInstantiationNode.h">
      <Filter>Header Files</Filter>
    </ClInclude>
    <ClInclude Include="src\parser\ast\ObjectInstantiationNode.h">
      <Filter>Header Files</Filter>
    </ClInclude>
    <ClInclude Include="src\parser\ast\AstNodes.h">
      <Filter>Header Files</Filter>
    </ClInclude>
    <ClInclude Include="src\semantic\SymbolTable.h">
      <Filter>Header Files</Filter>
    </ClInclude>
  </ItemGroup>
  <ItemGroup>
    <ClCompile Include="src\compiler\BytecodeEmitter.cpp">
      <Filter>Source Files</Filter>
    </ClCompile>
    <ClCompile Include="src\compiler\Compiler.cpp">
      <Filter>Source Files</Filter>
    </ClCompile>
    <ClCompile Include="src\lexer\Lexer.cpp">
      <Filter>Source Files</Filter>
    </ClCompile>
    <ClCompile Include="src\lexer\Token.cpp">
      <Filter>Source Files</Filter>
    </ClCompile>
    <ClCompile Include="src\parser\Parser.cpp">
      <Filter>Source Files</Filter>
    </ClCompile>
    <ClCompile Include="src\runtime\Interpreter.cpp">
      <Filter>Source Files</Filter>
    </ClCompile>
    <ClCompile Include="src\runtime\StandardLibrary.cpp">
      <Filter>Source Files</Filter>
    </ClCompile>
    <ClCompile Include="src\utils\ErrorHandler.cpp">
      <Filter>Source Files</Filter>
    </ClCompile>
    <ClCompile Include="src\utils\Logger.cpp">
      <Filter>Source Files</Filter>
    </ClCompile>
    <ClCompile Include="tests\Test.cpp">
      <Filter>Source Files</Filter>
    </ClCompile>
    <ClCompile Include="src\semantic\SymbolTable.cpp">
      <Filter>Source Files</Filter>
    </ClCompile>
  </ItemGroup>
</Project>